// !$*UTF8*$!
{
	archiveVersion = 1;
	classes = {
	};
	objectVersion = 46;
	objects = {

/* Begin PBXBuildFile section */
		FDD5A9831DF883D700E65C99 /* BusStopManager.m in Sources */ = {isa = PBXBuildFile; fileRef = FDD5A9821DF883D700E65C99 /* BusStopManager.m */; };
		FDE9EB031DF80C56006CD1AF /* main.m in Sources */ = {isa = PBXBuildFile; fileRef = FDE9EB021DF80C56006CD1AF /* main.m */; };
		FDE9EB061DF80C56006CD1AF /* AppDelegate.m in Sources */ = {isa = PBXBuildFile; fileRef = FDE9EB051DF80C56006CD1AF /* AppDelegate.m */; };
		FDE9EB091DF80C56006CD1AF /* MasterViewController.m in Sources */ = {isa = PBXBuildFile; fileRef = FDE9EB081DF80C56006CD1AF /* MasterViewController.m */; };
		FDE9EB0C1DF80C57006CD1AF /* DetailViewController.m in Sources */ = {isa = PBXBuildFile; fileRef = FDE9EB0B1DF80C57006CD1AF /* DetailViewController.m */; };
		FDE9EB0F1DF80C57006CD1AF /* Main.storyboard in Resources */ = {isa = PBXBuildFile; fileRef = FDE9EB0D1DF80C57006CD1AF /* Main.storyboard */; };
		FDE9EB111DF80C57006CD1AF /* Assets.xcassets in Resources */ = {isa = PBXBuildFile; fileRef = FDE9EB101DF80C57006CD1AF /* Assets.xcassets */; };
		FDE9EB141DF80C57006CD1AF /* LaunchScreen.storyboard in Resources */ = {isa = PBXBuildFile; fileRef = FDE9EB121DF80C57006CD1AF /* LaunchScreen.storyboard */; };
		FDE9EB1F1DF80C57006CD1AF /* KryptoLabs_BusAppTests.m in Sources */ = {isa = PBXBuildFile; fileRef = FDE9EB1E1DF80C57006CD1AF /* KryptoLabs_BusAppTests.m */; };
		FDE9EB2A1DF80C57006CD1AF /* KryptoLabs_BusAppUITests.m in Sources */ = {isa = PBXBuildFile; fileRef = FDE9EB291DF80C57006CD1AF /* KryptoLabs_BusAppUITests.m */; };
		FDE9EB391DF80F12006CD1AF /* MapKit.framework in Frameworks */ = {isa = PBXBuildFile; fileRef = FDE9EB381DF80F12006CD1AF /* MapKit.framework */; };
/* End PBXBuildFile section */

/* Begin PBXContainerItemProxy section */
		FDE9EB1B1DF80C57006CD1AF /* PBXContainerItemProxy */ = {
			isa = PBXContainerItemProxy;
			containerPortal = FDE9EAF61DF80C56006CD1AF /* Project object */;
			proxyType = 1;
			remoteGlobalIDString = FDE9EAFD1DF80C56006CD1AF;
			remoteInfo = KryptoLabs_BusApp;
		};
		FDE9EB261DF80C57006CD1AF /* PBXContainerItemProxy */ = {
			isa = PBXContainerItemProxy;
			containerPortal = FDE9EAF61DF80C56006CD1AF /* Project object */;
			proxyType = 1;
			remoteGlobalIDString = FDE9EAFD1DF80C56006CD1AF;
			remoteInfo = KryptoLabs_BusApp;
		};
/* End PBXContainerItemProxy section */

/* Begin PBXFileReference section */
		FDD5A9811DF883D700E65C99 /* BusStopManager.h */ = {isa = PBXFileReference; fileEncoding = 4; lastKnownFileType = sourcecode.c.h; path = BusStopManager.h; sourceTree = "<group>"; };
		FDD5A9821DF883D700E65C99 /* BusStopManager.m */ = {isa = PBXFileReference; fileEncoding = 4; lastKnownFileType = sourcecode.c.objc; path = BusStopManager.m; sourceTree = "<group>"; };
		FDE9EAFE1DF80C56006CD1AF /* KryptoLabs_BusApp.app */ = {isa = PBXFileReference; explicitFileType = wrapper.application; includeInIndex = 0; path = KryptoLabs_BusApp.app; sourceTree = BUILT_PRODUCTS_DIR; };
		FDE9EB021DF80C56006CD1AF /* main.m */ = {isa = PBXFileReference; lastKnownFileType = sourcecode.c.objc; path = main.m; sourceTree = "<group>"; };
		FDE9EB041DF80C56006CD1AF /* AppDelegate.h */ = {isa = PBXFileReference; lastKnownFileType = sourcecode.c.h; path = AppDelegate.h; sourceTree = "<group>"; };
		FDE9EB051DF80C56006CD1AF /* AppDelegate.m */ = {isa = PBXFileReference; lastKnownFileType = sourcecode.c.objc; path = AppDelegate.m; sourceTree = "<group>"; };
		FDE9EB071DF80C56006CD1AF /* MasterViewController.h */ = {isa = PBXFileReference; lastKnownFileType = sourcecode.c.h; path = MasterViewController.h; sourceTree = "<group>"; };
		FDE9EB081DF80C56006CD1AF /* MasterViewController.m */ = {isa = PBXFileReference; lastKnownFileType = sourcecode.c.objc; path = MasterViewController.m; sourceTree = "<group>"; };
		FDE9EB0A1DF80C56006CD1AF /* DetailViewController.h */ = {isa = PBXFileReference; lastKnownFileType = sourcecode.c.h; path = DetailViewController.h; sourceTree = "<group>"; };
		FDE9EB0B1DF80C57006CD1AF /* DetailViewController.m */ = {isa = PBXFileReference; lastKnownFileType = sourcecode.c.objc; path = DetailViewController.m; sourceTree = "<group>"; };
		FDE9EB0E1DF80C57006CD1AF /* Base */ = {isa = PBXFileReference; lastKnownFileType = file.storyboard; name = Base; path = Base.lproj/Main.storyboard; sourceTree = "<group>"; };
		FDE9EB101DF80C57006CD1AF /* Assets.xcassets */ = {isa = PBXFileReference; lastKnownFileType = folder.assetcatalog; path = Assets.xcassets; sourceTree = "<group>"; };
		FDE9EB131DF80C57006CD1AF /* Base */ = {isa = PBXFileReference; lastKnownFileType = file.storyboard; name = Base; path = Base.lproj/LaunchScreen.storyboard; sourceTree = "<group>"; };
		FDE9EB151DF80C57006CD1AF /* Info.plist */ = {isa = PBXFileReference; lastKnownFileType = text.plist.xml; path = Info.plist; sourceTree = "<group>"; };
		FDE9EB1A1DF80C57006CD1AF /* KryptoLabs_BusAppTests.xctest */ = {isa = PBXFileReference; explicitFileType = wrapper.cfbundle; includeInIndex = 0; path = KryptoLabs_BusAppTests.xctest; sourceTree = BUILT_PRODUCTS_DIR; };
		FDE9EB1E1DF80C57006CD1AF /* KryptoLabs_BusAppTests.m */ = {isa = PBXFileReference; lastKnownFileType = sourcecode.c.objc; path = KryptoLabs_BusAppTests.m; sourceTree = "<group>"; };
		FDE9EB201DF80C57006CD1AF /* Info.plist */ = {isa = PBXFileReference; lastKnownFileType = text.plist.xml; path = Info.plist; sourceTree = "<group>"; };
		FDE9EB251DF80C57006CD1AF /* KryptoLabs_BusAppUITests.xctest */ = {isa = PBXFileReference; explicitFileType = wrapper.cfbundle; includeInIndex = 0; path = KryptoLabs_BusAppUITests.xctest; sourceTree = BUILT_PRODUCTS_DIR; };
		FDE9EB291DF80C57006CD1AF /* KryptoLabs_BusAppUITests.m */ = {isa = PBXFileReference; lastKnownFileType = sourcecode.c.objc; path = KryptoLabs_BusAppUITests.m; sourceTree = "<group>"; };
		FDE9EB2B1DF80C57006CD1AF /* Info.plist */ = {isa = PBXFileReference; lastKnownFileType = text.plist.xml; path = Info.plist; sourceTree = "<group>"; };
		FDE9EB381DF80F12006CD1AF /* MapKit.framework */ = {isa = PBXFileReference; lastKnownFileType = wrapper.framework; name = MapKit.framework; path = System/Library/Frameworks/MapKit.framework; sourceTree = SDKROOT; };
/* End PBXFileReference section */

/* Begin PBXFrameworksBuildPhase section */
		FDE9EAFB1DF80C56006CD1AF /* Frameworks */ = {
			isa = PBXFrameworksBuildPhase;
			buildActionMask = 2147483647;
			files = (
				FDE9EB391DF80F12006CD1AF /* MapKit.framework in Frameworks */,
			);
			runOnlyForDeploymentPostprocessing = 0;
		};
		FDE9EB171DF80C57006CD1AF /* Frameworks */ = {
			isa = PBXFrameworksBuildPhase;
			buildActionMask = 2147483647;
			files = (
			);
			runOnlyForDeploymentPostprocessing = 0;
		};
		FDE9EB221DF80C57006CD1AF /* Frameworks */ = {
			isa = PBXFrameworksBuildPhase;
			buildActionMask = 2147483647;
			files = (
			);
			runOnlyForDeploymentPostprocessing = 0;
		};
/* End PBXFrameworksBuildPhase section */

/* Begin PBXGroup section */
		FDE9EAF51DF80C56006CD1AF = {
			isa = PBXGroup;
			children = (
				FDE9EB001DF80C56006CD1AF /* KryptoLabs_BusApp */,
				FDE9EB1D1DF80C57006CD1AF /* KryptoLabs_BusAppTests */,
				FDE9EB281DF80C57006CD1AF /* KryptoLabs_BusAppUITests */,
				FDE9EAFF1DF80C56006CD1AF /* Products */,
				FDE9EB371DF80F12006CD1AF /* Frameworks */,
			);
			sourceTree = "<group>";
		};
		FDE9EAFF1DF80C56006CD1AF /* Products */ = {
			isa = PBXGroup;
			children = (
				FDE9EAFE1DF80C56006CD1AF /* KryptoLabs_BusApp.app */,
				FDE9EB1A1DF80C57006CD1AF /* KryptoLabs_BusAppTests.xctest */,
				FDE9EB251DF80C57006CD1AF /* KryptoLabs_BusAppUITests.xctest */,
			);
			name = Products;
			sourceTree = "<group>";
		};
		FDE9EB001DF80C56006CD1AF /* KryptoLabs_BusApp */ = {
			isa = PBXGroup;
			children = (
				FDE9EB041DF80C56006CD1AF /* AppDelegate.h */,
				FDE9EB051DF80C56006CD1AF /* AppDelegate.m */,
				FDE9EB071DF80C56006CD1AF /* MasterViewController.h */,
				FDE9EB081DF80C56006CD1AF /* MasterViewController.m */,
				FDE9EB0A1DF80C56006CD1AF /* DetailViewController.h */,
				FDE9EB0B1DF80C57006CD1AF /* DetailViewController.m */,
				FDE9EB0D1DF80C57006CD1AF /* Main.storyboard */,
				FDD5A9811DF883D700E65C99 /* BusStopManager.h */,
				FDD5A9821DF883D700E65C99 /* BusStopManager.m */,
				FDE9EB101DF80C57006CD1AF /* Assets.xcassets */,
				FDE9EB121DF80C57006CD1AF /* LaunchScreen.storyboard */,
				FDE9EB151DF80C57006CD1AF /* Info.plist */,
				FDE9EB011DF80C56006CD1AF /* Supporting Files */,
			);
			path = KryptoLabs_BusApp;
			sourceTree = "<group>";
		};
		FDE9EB011DF80C56006CD1AF /* Supporting Files */ = {
			isa = PBXGroup;
			children = (
				FDE9EB021DF80C56006CD1AF /* main.m */,
			);
			name = "Supporting Files";
			sourceTree = "<group>";
		};
		FDE9EB1D1DF80C57006CD1AF /* KryptoLabs_BusAppTests */ = {
			isa = PBXGroup;
			children = (
				FDE9EB1E1DF80C57006CD1AF /* KryptoLabs_BusAppTests.m */,
				FDE9EB201DF80C57006CD1AF /* Info.plist */,
			);
			path = KryptoLabs_BusAppTests;
			sourceTree = "<group>";
		};
		FDE9EB281DF80C57006CD1AF /* KryptoLabs_BusAppUITests */ = {
			isa = PBXGroup;
			children = (
				FDE9EB291DF80C57006CD1AF /* KryptoLabs_BusAppUITests.m */,
				FDE9EB2B1DF80C57006CD1AF /* Info.plist */,
			);
			path = KryptoLabs_BusAppUITests;
			sourceTree = "<group>";
		};
		FDE9EB371DF80F12006CD1AF /* Frameworks */ = {
			isa = PBXGroup;
			children = (
				FDE9EB381DF80F12006CD1AF /* MapKit.framework */,
			);
			name = Frameworks;
			sourceTree = "<group>";
		};
/* End PBXGroup section */

/* Begin PBXNativeTarget section */
		FDE9EAFD1DF80C56006CD1AF /* KryptoLabs_BusApp */ = {
			isa = PBXNativeTarget;
			buildConfigurationList = FDE9EB2E1DF80C57006CD1AF /* Build configuration list for PBXNativeTarget "KryptoLabs_BusApp" */;
			buildPhases = (
				FDE9EAFA1DF80C56006CD1AF /* Sources */,
				FDE9EAFB1DF80C56006CD1AF /* Frameworks */,
				FDE9EAFC1DF80C56006CD1AF /* Resources */,
			);
			buildRules = (
			);
			dependencies = (
			);
			name = KryptoLabs_BusApp;
			productName = KryptoLabs_BusApp;
			productReference = FDE9EAFE1DF80C56006CD1AF /* KryptoLabs_BusApp.app */;
			productType = "com.apple.product-type.application";
		};
		FDE9EB191DF80C57006CD1AF /* KryptoLabs_BusAppTests */ = {
			isa = PBXNativeTarget;
			buildConfigurationList = FDE9EB311DF80C57006CD1AF /* Build configuration list for PBXNativeTarget "KryptoLabs_BusAppTests" */;
			buildPhases = (
				FDE9EB161DF80C57006CD1AF /* Sources */,
				FDE9EB171DF80C57006CD1AF /* Frameworks */,
				FDE9EB181DF80C57006CD1AF /* Resources */,
			);
			buildRules = (
			);
			dependencies = (
				FDE9EB1C1DF80C57006CD1AF /* PBXTargetDependency */,
			);
			name = KryptoLabs_BusAppTests;
			productName = KryptoLabs_BusAppTests;
			productReference = FDE9EB1A1DF80C57006CD1AF /* KryptoLabs_BusAppTests.xctest */;
			productType = "com.apple.product-type.bundle.unit-test";
		};
		FDE9EB241DF80C57006CD1AF /* KryptoLabs_BusAppUITests */ = {
			isa = PBXNativeTarget;
			buildConfigurationList = FDE9EB341DF80C57006CD1AF /* Build configuration list for PBXNativeTarget "KryptoLabs_BusAppUITests" */;
			buildPhases = (
				FDE9EB211DF80C57006CD1AF /* Sources */,
				FDE9EB221DF80C57006CD1AF /* Frameworks */,
				FDE9EB231DF80C57006CD1AF /* Resources */,
			);
			buildRules = (
			);
			dependencies = (
				FDE9EB271DF80C57006CD1AF /* PBXTargetDependency */,
			);
			name = KryptoLabs_BusAppUITests;
			productName = KryptoLabs_BusAppUITests;
			productReference = FDE9EB251DF80C57006CD1AF /* KryptoLabs_BusAppUITests.xctest */;
			productType = "com.apple.product-type.bundle.ui-testing";
		};
/* End PBXNativeTarget section */

/* Begin PBXProject section */
		FDE9EAF61DF80C56006CD1AF /* Project object */ = {
			isa = PBXProject;
			attributes = {
				LastUpgradeCheck = 0810;
				ORGANIZATIONNAME = "Riddhi Ojha";
				TargetAttributes = {
					FDE9EAFD1DF80C56006CD1AF = {
						CreatedOnToolsVersion = 8.1;
						DevelopmentTeam = 3DX3CT7TZ5;
						ProvisioningStyle = Automatic;
					};
					FDE9EB191DF80C57006CD1AF = {
						CreatedOnToolsVersion = 8.1;
						ProvisioningStyle = Automatic;
						TestTargetID = FDE9EAFD1DF80C56006CD1AF;
					};
					FDE9EB241DF80C57006CD1AF = {
						CreatedOnToolsVersion = 8.1;
						ProvisioningStyle = Automatic;
						TestTargetID = FDE9EAFD1DF80C56006CD1AF;
					};
				};
			};
			buildConfigurationList = FDE9EAF91DF80C56006CD1AF /* Build configuration list for PBXProject "KryptoLabs_BusApp" */;
			compatibilityVersion = "Xcode 3.2";
			developmentRegion = English;
			hasScannedForEncodings = 0;
			knownRegions = (
				en,
				Base,
			);
			mainGroup = FDE9EAF51DF80C56006CD1AF;
			productRefGroup = FDE9EAFF1DF80C56006CD1AF /* Products */;
			projectDirPath = "";
			projectRoot = "";
			targets = (
				FDE9EAFD1DF80C56006CD1AF /* KryptoLabs_BusApp */,
				FDE9EB191DF80C57006CD1AF /* KryptoLabs_BusAppTests */,
				FDE9EB241DF80C57006CD1AF /* KryptoLabs_BusAppUITests */,
			);
		};
/* End PBXProject section */

/* Begin PBXResourcesBuildPhase section */
		FDE9EAFC1DF80C56006CD1AF /* Resources */ = {
			isa = PBXResourcesBuildPhase;
			buildActionMask = 2147483647;
			files = (
				FDE9EB141DF80C57006CD1AF /* LaunchScreen.storyboard in Resources */,
				FDE9EB111DF80C57006CD1AF /* Assets.xcassets in Resources */,
				FDE9EB0F1DF80C57006CD1AF /* Main.storyboard in Resources */,
			);
			runOnlyForDeploymentPostprocessing = 0;
		};
		FDE9EB181DF80C57006CD1AF /* Resources */ = {
			isa = PBXResourcesBuildPhase;
			buildActionMask = 2147483647;
			files = (
			);
			runOnlyForDeploymentPostprocessing = 0;
		};
		FDE9EB231DF80C57006CD1AF /* Resources */ = {
			isa = PBXResourcesBuildPhase;
			buildActionMask = 2147483647;
			files = (
			);
			runOnlyForDeploymentPostprocessing = 0;
		};
/* End PBXResourcesBuildPhase section */

/* Begin PBXSourcesBuildPhase section */
		FDE9EAFA1DF80C56006CD1AF /* Sources */ = {
			isa = PBXSourcesBuildPhase;
			buildActionMask = 2147483647;
			files = (
				FDD5A9831DF883D700E65C99 /* BusStopManager.m in Sources */,
				FDE9EB061DF80C56006CD1AF /* AppDelegate.m in Sources */,
				FDE9EB091DF80C56006CD1AF /* MasterViewController.m in Sources */,
				FDE9EB031DF80C56006CD1AF /* main.m in Sources */,
				FDE9EB0C1DF80C57006CD1AF /* DetailViewController.m in Sources */,
			);
			runOnlyForDeploymentPostprocessing = 0;
		};
		FDE9EB161DF80C57006CD1AF /* Sources */ = {
			isa = PBXSourcesBuildPhase;
			buildActionMask = 2147483647;
			files = (
				FDE9EB1F1DF80C57006CD1AF /* KryptoLabs_BusAppTests.m in Sources */,
			);
			runOnlyForDeploymentPostprocessing = 0;
		};
		FDE9EB211DF80C57006CD1AF /* Sources */ = {
			isa = PBXSourcesBuildPhase;
			buildActionMask = 2147483647;
			files = (
				FDE9EB2A1DF80C57006CD1AF /* KryptoLabs_BusAppUITests.m in Sources */,
			);
			runOnlyForDeploymentPostprocessing = 0;
		};
/* End PBXSourcesBuildPhase section */

/* Begin PBXTargetDependency section */
		FDE9EB1C1DF80C57006CD1AF /* PBXTargetDependency */ = {
			isa = PBXTargetDependency;
			target = FDE9EAFD1DF80C56006CD1AF /* KryptoLabs_BusApp */;
			targetProxy = FDE9EB1B1DF80C57006CD1AF /* PBXContainerItemProxy */;
		};
		FDE9EB271DF80C57006CD1AF /* PBXTargetDependency */ = {
			isa = PBXTargetDependency;
			target = FDE9EAFD1DF80C56006CD1AF /* KryptoLabs_BusApp */;
			targetProxy = FDE9EB261DF80C57006CD1AF /* PBXContainerItemProxy */;
		};
/* End PBXTargetDependency section */

/* Begin PBXVariantGroup section */
		FDE9EB0D1DF80C57006CD1AF /* Main.storyboard */ = {
			isa = PBXVariantGroup;
			children = (
				FDE9EB0E1DF80C57006CD1AF /* Base */,
			);
			name = Main.storyboard;
			sourceTree = "<group>";
		};
		FDE9EB121DF80C57006CD1AF /* LaunchScreen.storyboard */ = {
			isa = PBXVariantGroup;
			children = (
				FDE9EB131DF80C57006CD1AF /* Base */,
			);
			name = LaunchScreen.storyboard;
			sourceTree = "<group>";
		};
/* End PBXVariantGroup section */

/* Begin XCBuildConfiguration section */
		FDE9EB2C1DF80C57006CD1AF /* Debug */ = {
			isa = XCBuildConfiguration;
			buildSettings = {
				ALWAYS_SEARCH_USER_PATHS = NO;
				CLANG_ANALYZER_NONNULL = YES;
				CLANG_CXX_LANGUAGE_STANDARD = "gnu++0x";
				CLANG_CXX_LIBRARY = "libc++";
				CLANG_ENABLE_MODULES = YES;
				CLANG_ENABLE_OBJC_ARC = YES;
				CLANG_WARN_BOOL_CONVERSION = YES;
				CLANG_WARN_CONSTANT_CONVERSION = YES;
				CLANG_WARN_DIRECT_OBJC_ISA_USAGE = YES_ERROR;
				CLANG_WARN_DOCUMENTATION_COMMENTS = YES;
				CLANG_WARN_EMPTY_BODY = YES;
				CLANG_WARN_ENUM_CONVERSION = YES;
				CLANG_WARN_INFINITE_RECURSION = YES;
				CLANG_WARN_INT_CONVERSION = YES;
				CLANG_WARN_OBJC_ROOT_CLASS = YES_ERROR;
				CLANG_WARN_SUSPICIOUS_MOVES = YES;
				CLANG_WARN_UNREACHABLE_CODE = YES;
				CLANG_WARN__DUPLICATE_METHOD_MATCH = YES;
				"CODE_SIGN_IDENTITY[sdk=iphoneos*]" = "iPhone Developer";
				COPY_PHASE_STRIP = NO;
				DEBUG_INFORMATION_FORMAT = dwarf;
				ENABLE_STRICT_OBJC_MSGSEND = YES;
				ENABLE_TESTABILITY = YES;
				GCC_C_LANGUAGE_STANDARD = gnu99;
				GCC_DYNAMIC_NO_PIC = NO;
				GCC_NO_COMMON_BLOCKS = YES;
				GCC_OPTIMIZATION_LEVEL = 0;
				GCC_PREPROCESSOR_DEFINITIONS = (
					"DEBUG=1",
					"$(inherited)",
				);
				GCC_WARN_64_TO_32_BIT_CONVERSION = YES;
				GCC_WARN_ABOUT_RETURN_TYPE = YES_ERROR;
				GCC_WARN_UNDECLARED_SELECTOR = YES;
				GCC_WARN_UNINITIALIZED_AUTOS = YES_AGGRESSIVE;
				GCC_WARN_UNUSED_FUNCTION = YES;
				GCC_WARN_UNUSED_VARIABLE = YES;
				IPHONEOS_DEPLOYMENT_TARGET = 10.1;
				MTL_ENABLE_DEBUG_INFO = YES;
				ONLY_ACTIVE_ARCH = YES;
				SDKROOT = iphoneos;
			};
			name = Debug;
		};
		FDE9EB2D1DF80C57006CD1AF /* Release */ = {
			isa = XCBuildConfiguration;
			buildSettings = {
				ALWAYS_SEARCH_USER_PATHS = NO;
				CLANG_ANALYZER_NONNULL = YES;
				CLANG_CXX_LANGUAGE_STANDARD = "gnu++0x";
				CLANG_CXX_LIBRARY = "libc++";
				CLANG_ENABLE_MODULES = YES;
				CLANG_ENABLE_OBJC_ARC = YES;
				CLANG_WARN_BOOL_CONVERSION = YES;
				CLANG_WARN_CONSTANT_CONVERSION = YES;
				CLANG_WARN_DIRECT_OBJC_ISA_USAGE = YES_ERROR;
				CLANG_WARN_DOCUMENTATION_COMMENTS = YES;
				CLANG_WARN_EMPTY_BODY = YES;
				CLANG_WARN_ENUM_CONVERSION = YES;
				CLANG_WARN_INFINITE_RECURSION = YES;
				CLANG_WARN_INT_CONVERSION = YES;
				CLANG_WARN_OBJC_ROOT_CLASS = YES_ERROR;
				CLANG_WARN_SUSPICIOUS_MOVES = YES;
				CLANG_WARN_UNREACHABLE_CODE = YES;
				CLANG_WARN__DUPLICATE_METHOD_MATCH = YES;
				"CODE_SIGN_IDENTITY[sdk=iphoneos*]" = "iPhone Developer";
				COPY_PHASE_STRIP = NO;
				DEBUG_INFORMATION_FORMAT = "dwarf-with-dsym";
				ENABLE_NS_ASSERTIONS = NO;
				ENABLE_STRICT_OBJC_MSGSEND = YES;
				GCC_C_LANGUAGE_STANDARD = gnu99;
				GCC_NO_COMMON_BLOCKS = YES;
				GCC_WARN_64_TO_32_BIT_CONVERSION = YES;
				GCC_WARN_ABOUT_RETURN_TYPE = YES_ERROR;
				GCC_WARN_UNDECLARED_SELECTOR = YES;
				GCC_WARN_UNINITIALIZED_AUTOS = YES_AGGRESSIVE;
				GCC_WARN_UNUSED_FUNCTION = YES;
				GCC_WARN_UNUSED_VARIABLE = YES;
				IPHONEOS_DEPLOYMENT_TARGET = 10.1;
				MTL_ENABLE_DEBUG_INFO = NO;
				SDKROOT = iphoneos;
				VALIDATE_PRODUCT = YES;
			};
			name = Release;
		};
		FDE9EB2F1DF80C57006CD1AF /* Debug */ = {
			isa = XCBuildConfiguration;
			buildSettings = {
				ASSETCATALOG_COMPILER_APPICON_NAME = AppIcon;
				DEVELOPMENT_TEAM = 3DX3CT7TZ5;
				INFOPLIST_FILE = KryptoLabs_BusApp/Info.plist;
				IPHONEOS_DEPLOYMENT_TARGET = 8.0;
				LD_RUNPATH_SEARCH_PATHS = "$(inherited) @executable_path/Frameworks";
				PRODUCT_BUNDLE_IDENTIFIER = "KryptoLabs.KryptoLabs-BusApp";
				PRODUCT_NAME = "$(TARGET_NAME)";
			};
			name = Debug;
		};
		FDE9EB301DF80C57006CD1AF /* Release */ = {
			isa = XCBuildConfiguration;
			buildSettings = {
				ASSETCATALOG_COMPILER_APPICON_NAME = AppIcon;
				DEVELOPMENT_TEAM = 3DX3CT7TZ5;
				INFOPLIST_FILE = KryptoLabs_BusApp/Info.plist;
				IPHONEOS_DEPLOYMENT_TARGET = 8.0;
				LD_RUNPATH_SEARCH_PATHS = "$(inherited) @executable_path/Frameworks";
				PRODUCT_BUNDLE_IDENTIFIER = "KryptoLabs.KryptoLabs-BusApp";
				PRODUCT_NAME = "$(TARGET_NAME)";
			};
			name = Release;
		};
		FDE9EB321DF80C57006CD1AF /* Debug */ = {
			isa = XCBuildConfiguration;
			buildSettings = {
				BUNDLE_LOADER = "$(TEST_HOST)";
				INFOPLIST_FILE = KryptoLabs_BusAppTests/Info.plist;
				LD_RUNPATH_SEARCH_PATHS = "$(inherited) @executable_path/Frameworks @loader_path/Frameworks";
				PRODUCT_BUNDLE_IDENTIFIER = "KryptoLabs.KryptoLabs-BusAppTests";
				PRODUCT_NAME = "$(TARGET_NAME)";
				TEST_HOST = "$(BUILT_PRODUCTS_DIR)/KryptoLabs_BusApp.app/KryptoLabs_BusApp";
			};
			name = Debug;
		};
		FDE9EB331DF80C57006CD1AF /* Release */ = {
			isa = XCBuildConfiguration;
			buildSettings = {
				BUNDLE_LOADER = "$(TEST_HOST)";
				INFOPLIST_FILE = KryptoLabs_BusAppTests/Info.plist;
				LD_RUNPATH_SEARCH_PATHS = "$(inherited) @executable_path/Frameworks @loader_path/Frameworks";
				PRODUCT_BUNDLE_IDENTIFIER = "KryptoLabs.KryptoLabs-BusAppTests";
				PRODUCT_NAME = "$(TARGET_NAME)";
				TEST_HOST = "$(BUILT_PRODUCTS_DIR)/KryptoLabs_BusApp.app/KryptoLabs_BusApp";
			};
			name = Release;
		};
		FDE9EB351DF80C57006CD1AF /* Debug */ = {
			isa = XCBuildConfiguration;
			buildSettings = {
				INFOPLIST_FILE = KryptoLabs_BusAppUITests/Info.plist;
				LD_RUNPATH_SEARCH_PATHS = "$(inherited) @executable_path/Frameworks @loader_path/Frameworks";
				PRODUCT_BUNDLE_IDENTIFIER = "KryptoLabs.KryptoLabs-BusAppUITests";
				PRODUCT_NAME = "$(TARGET_NAME)";
				TEST_TARGET_NAME = KryptoLabs_BusApp;
			};
			name = Debug;
		};
		FDE9EB361DF80C57006CD1AF /* Release */ = {
			isa = XCBuildConfiguration;
			buildSettings = {
				INFOPLIST_FILE = KryptoLabs_BusAppUITests/Info.plist;
				LD_RUNPATH_SEARCH_PATHS = "$(inherited) @executable_path/Frameworks @loader_path/Frameworks";
				PRODUCT_BUNDLE_IDENTIFIER = "KryptoLabs.KryptoLabs-BusAppUITests";
				PRODUCT_NAME = "$(TARGET_NAME)";
				TEST_TARGET_NAME = KryptoLabs_BusApp;
			};
			name = Release;
		};
/* End XCBuildConfiguration section */

/* Begin XCConfigurationList section */
		FDE9EAF91DF80C56006CD1AF /* Build configuration list for PBXProject "KryptoLabs_BusApp" */ = {
			isa = XCConfigurationList;
			buildConfigurations = (
				FDE9EB2C1DF80C57006CD1AF /* Debug */,
				FDE9EB2D1DF80C57006CD1AF /* Release */,
			);
			defaultConfigurationIsVisible = 0;
			defaultConfigurationName = Release;
		};
		FDE9EB2E1DF80C57006CD1AF /* Build configuration list for PBXNativeTarget "KryptoLabs_BusApp" */ = {
			isa = XCConfigurationList;
			buildConfigurations = (
				FDE9EB2F1DF80C57006CD1AF /* Debug */,
				FDE9EB301DF80C57006CD1AF /* Release */,
			);
			defaultConfigurationIsVisible = 0;
			defaultConfigurationName = Release;
		};
		FDE9EB311DF80C57006CD1AF /* Build configuration list for PBXNativeTarget "KryptoLabs_BusAppTests" */ = {
			isa = XCConfigurationList;
			buildConfigurations = (
				FDE9EB321DF80C57006CD1AF /* Debug */,
				FDE9EB331DF80C57006CD1AF /* Release */,
			);
			defaultConfigurationIsVisible = 0;
			defaultConfigurationName = Release;
		};
		FDE9EB341DF80C57006CD1AF /* Build configuration list for PBXNativeTarget "KryptoLabs_BusAppUITests" */ = {
			isa = XCConfigurationList;
			buildConfigurations = (
				FDE9EB351DF80C57006CD1AF /* Debug */,
				FDE9EB361DF80C57006CD1AF /* Release */,
			);
			defaultConfigurationIsVisible = 0;
			defaultConfigurationName = Release;
		};
/* End XCConfigurationList section */
	};
	rootObject = FDE9EAF61DF80C56006CD1AF /* Project object */;
}
